// !$*UTF8*$!
{
	archiveVersion = 1;
	classes = {
	};
	objectVersion = 52;
	objects = {

/* Begin PBXBuildFile section */
		AE00EA07258AD5B1002D9558 /* PinboardRepository.swift in Sources */ = {isa = PBXBuildFile; fileRef = AE00EA06258AD5B1002D9558 /* PinboardRepository.swift */; };
		AE00EA0A258AD814002D9558 /* PinboardRepositoryProtocol.swift in Sources */ = {isa = PBXBuildFile; fileRef = AE00EA09258AD814002D9558 /* PinboardRepositoryProtocol.swift */; };
		AE00EA0E258AE0EA002D9558 /* Bookmark.swift in Sources */ = {isa = PBXBuildFile; fileRef = AE00EA0D258AE0EA002D9558 /* Bookmark.swift */; };
		AE00EA12258AE963002D9558 /* Bookmark+Repository.swift in Sources */ = {isa = PBXBuildFile; fileRef = AE00EA11258AE963002D9558 /* Bookmark+Repository.swift */; };
		AE0F3A5E258A07CA00227428 /* BookmarksView.swift in Sources */ = {isa = PBXBuildFile; fileRef = AE0F3A5C258A07CA00227428 /* BookmarksView.swift */; };
		AE0F3A5F258A07CA00227428 /* BookmarksViewModel.swift in Sources */ = {isa = PBXBuildFile; fileRef = AE0F3A5D258A07CA00227428 /* BookmarksViewModel.swift */; };
		AE0F3B12258A0F9200227428 /* SidebarView.swift in Sources */ = {isa = PBXBuildFile; fileRef = AE0F3B10258A0F9200227428 /* SidebarView.swift */; };
		AE0F3B13258A0F9200227428 /* SidebarViewModel.swift in Sources */ = {isa = PBXBuildFile; fileRef = AE0F3B11258A0F9200227428 /* SidebarViewModel.swift */; };
		AE0F3B18258A339C00227428 /* SidebarItemView.swift in Sources */ = {isa = PBXBuildFile; fileRef = AE0F3B16258A339C00227428 /* SidebarItemView.swift */; };
		AE0F3B19258A339C00227428 /* SidebarItemViewModel.swift in Sources */ = {isa = PBXBuildFile; fileRef = AE0F3B17258A339C00227428 /* SidebarItemViewModel.swift */; };
		AE317AF92588FD9D00B7420A /* LoginView.swift in Sources */ = {isa = PBXBuildFile; fileRef = AE317AF72588FD9D00B7420A /* LoginView.swift */; };
		AE317AFA2588FD9D00B7420A /* LoginViewModel.swift in Sources */ = {isa = PBXBuildFile; fileRef = AE317AF82588FD9D00B7420A /* LoginViewModel.swift */; };
		AE317AFE2589018F00B7420A /* ButtonStyle.swift in Sources */ = {isa = PBXBuildFile; fileRef = AE317AFD2589018F00B7420A /* ButtonStyle.swift */; };
		AE793004258675DB00A68947 /* PinboardingApp.swift in Sources */ = {isa = PBXBuildFile; fileRef = AE793003258675DB00A68947 /* PinboardingApp.swift */; };
		AE793006258675DB00A68947 /* MainView.swift in Sources */ = {isa = PBXBuildFile; fileRef = AE793005258675DB00A68947 /* MainView.swift */; };
		AE793008258675DC00A68947 /* Assets.xcassets in Resources */ = {isa = PBXBuildFile; fileRef = AE793007258675DC00A68947 /* Assets.xcassets */; };
		AE79300B258675DC00A68947 /* Preview Assets.xcassets in Resources */ = {isa = PBXBuildFile; fileRef = AE79300A258675DC00A68947 /* Preview Assets.xcassets */; };
		AEBFB5062589D9FF001521A2 /* BookmarkView.swift in Sources */ = {isa = PBXBuildFile; fileRef = AEBFB5042589D9FF001521A2 /* BookmarkView.swift */; };
		AEBFB5072589D9FF001521A2 /* BookmarkViewModel.swift in Sources */ = {isa = PBXBuildFile; fileRef = AEBFB5052589D9FF001521A2 /* BookmarkViewModel.swift */; };
		AEE78D9A258BAF17001CA0EA /* Booleans+Repository.swift in Sources */ = {isa = PBXBuildFile; fileRef = AEE78D99258BAF17001CA0EA /* Booleans+Repository.swift */; };
		AEF4F4782589529200FF8F45 /* AddBookmarkView.swift in Sources */ = {isa = PBXBuildFile; fileRef = AEF4F4762589529200FF8F45 /* AddBookmarkView.swift */; };
		AEF4F4792589529200FF8F45 /* AddBookmarkViewModel.swift in Sources */ = {isa = PBXBuildFile; fileRef = AEF4F4772589529200FF8F45 /* AddBookmarkViewModel.swift */; };
		AEFAAB4B25883BE2001DB745 /* PinboardKit in Frameworks */ = {isa = PBXBuildFile; productRef = AEFAAB4A25883BE2001DB745 /* PinboardKit */; };
/* End PBXBuildFile section */

/* Begin PBXFileReference section */
		AE00EA06258AD5B1002D9558 /* PinboardRepository.swift */ = {isa = PBXFileReference; lastKnownFileType = sourcecode.swift; path = PinboardRepository.swift; sourceTree = "<group>"; };
		AE00EA09258AD814002D9558 /* PinboardRepositoryProtocol.swift */ = {isa = PBXFileReference; lastKnownFileType = sourcecode.swift; path = PinboardRepositoryProtocol.swift; sourceTree = "<group>"; };
		AE00EA0D258AE0EA002D9558 /* Bookmark.swift */ = {isa = PBXFileReference; lastKnownFileType = sourcecode.swift; path = Bookmark.swift; sourceTree = "<group>"; };
		AE00EA11258AE963002D9558 /* Bookmark+Repository.swift */ = {isa = PBXFileReference; lastKnownFileType = sourcecode.swift; path = "Bookmark+Repository.swift"; sourceTree = "<group>"; };
		AE0F3A5C258A07CA00227428 /* BookmarksView.swift */ = {isa = PBXFileReference; lastKnownFileType = sourcecode.swift; path = BookmarksView.swift; sourceTree = "<group>"; };
		AE0F3A5D258A07CA00227428 /* BookmarksViewModel.swift */ = {isa = PBXFileReference; lastKnownFileType = sourcecode.swift; path = BookmarksViewModel.swift; sourceTree = "<group>"; };
		AE0F3B10258A0F9200227428 /* SidebarView.swift */ = {isa = PBXFileReference; lastKnownFileType = sourcecode.swift; path = SidebarView.swift; sourceTree = "<group>"; };
		AE0F3B11258A0F9200227428 /* SidebarViewModel.swift */ = {isa = PBXFileReference; lastKnownFileType = sourcecode.swift; path = SidebarViewModel.swift; sourceTree = "<group>"; };
		AE0F3B16258A339C00227428 /* SidebarItemView.swift */ = {isa = PBXFileReference; lastKnownFileType = sourcecode.swift; path = SidebarItemView.swift; sourceTree = "<group>"; };
		AE0F3B17258A339C00227428 /* SidebarItemViewModel.swift */ = {isa = PBXFileReference; lastKnownFileType = sourcecode.swift; path = SidebarItemViewModel.swift; sourceTree = "<group>"; };
		AE317AF72588FD9D00B7420A /* LoginView.swift */ = {isa = PBXFileReference; lastKnownFileType = sourcecode.swift; path = LoginView.swift; sourceTree = "<group>"; };
		AE317AF82588FD9D00B7420A /* LoginViewModel.swift */ = {isa = PBXFileReference; lastKnownFileType = sourcecode.swift; path = LoginViewModel.swift; sourceTree = "<group>"; };
		AE317AFD2589018F00B7420A /* ButtonStyle.swift */ = {isa = PBXFileReference; lastKnownFileType = sourcecode.swift; path = ButtonStyle.swift; sourceTree = "<group>"; };
		AE793000258675DB00A68947 /* Pinboarding.app */ = {isa = PBXFileReference; explicitFileType = wrapper.application; includeInIndex = 0; path = Pinboarding.app; sourceTree = BUILT_PRODUCTS_DIR; };
		AE793003258675DB00A68947 /* PinboardingApp.swift */ = {isa = PBXFileReference; lastKnownFileType = sourcecode.swift; path = PinboardingApp.swift; sourceTree = "<group>"; };
		AE793005258675DB00A68947 /* MainView.swift */ = {isa = PBXFileReference; lastKnownFileType = sourcecode.swift; path = MainView.swift; sourceTree = "<group>"; };
		AE793007258675DC00A68947 /* Assets.xcassets */ = {isa = PBXFileReference; lastKnownFileType = folder.assetcatalog; path = Assets.xcassets; sourceTree = "<group>"; };
		AE79300A258675DC00A68947 /* Preview Assets.xcassets */ = {isa = PBXFileReference; lastKnownFileType = folder.assetcatalog; path = "Preview Assets.xcassets"; sourceTree = "<group>"; };
		AE79300C258675DC00A68947 /* Info.plist */ = {isa = PBXFileReference; lastKnownFileType = text.plist.xml; path = Info.plist; sourceTree = "<group>"; };
		AE79300D258675DC00A68947 /* Pinboarding.entitlements */ = {isa = PBXFileReference; lastKnownFileType = text.plist.entitlements; path = Pinboarding.entitlements; sourceTree = "<group>"; };
		AEBFB5042589D9FF001521A2 /* BookmarkView.swift */ = {isa = PBXFileReference; lastKnownFileType = sourcecode.swift; path = BookmarkView.swift; sourceTree = "<group>"; };
		AEBFB5052589D9FF001521A2 /* BookmarkViewModel.swift */ = {isa = PBXFileReference; lastKnownFileType = sourcecode.swift; path = BookmarkViewModel.swift; sourceTree = "<group>"; };
		AEE78D99258BAF17001CA0EA /* Booleans+Repository.swift */ = {isa = PBXFileReference; lastKnownFileType = sourcecode.swift; path = "Booleans+Repository.swift"; sourceTree = "<group>"; };
		AEF4F4762589529200FF8F45 /* AddBookmarkView.swift */ = {isa = PBXFileReference; lastKnownFileType = sourcecode.swift; path = AddBookmarkView.swift; sourceTree = "<group>"; };
		AEF4F4772589529200FF8F45 /* AddBookmarkViewModel.swift */ = {isa = PBXFileReference; lastKnownFileType = sourcecode.swift; path = AddBookmarkViewModel.swift; sourceTree = "<group>"; };
/* End PBXFileReference section */

/* Begin PBXFrameworksBuildPhase section */
		AE792FFD258675DB00A68947 /* Frameworks */ = {
			isa = PBXFrameworksBuildPhase;
			buildActionMask = 2147483647;
			files = (
				AEFAAB4B25883BE2001DB745 /* PinboardKit in Frameworks */,
			);
			runOnlyForDeploymentPostprocessing = 0;
		};
/* End PBXFrameworksBuildPhase section */

/* Begin PBXGroup section */
		AE00EA04258AD573002D9558 /* Repository */ = {
			isa = PBXGroup;
			children = (
				AE00EA06258AD5B1002D9558 /* PinboardRepository.swift */,
				AE00EA09258AD814002D9558 /* PinboardRepositoryProtocol.swift */,
				AE00EA10258AE948002D9558 /* Extensions */,
				AE00EA05258AD582002D9558 /* Models */,
			);
			path = Repository;
			sourceTree = "<group>";
		};
		AE00EA05258AD582002D9558 /* Models */ = {
			isa = PBXGroup;
			children = (
				AE00EA0D258AE0EA002D9558 /* Bookmark.swift */,
			);
			path = Models;
			sourceTree = "<group>";
		};
		AE00EA10258AE948002D9558 /* Extensions */ = {
			isa = PBXGroup;
			children = (
				AE00EA11258AE963002D9558 /* Bookmark+Repository.swift */,
				AEE78D99258BAF17001CA0EA /* Booleans+Repository.swift */,
			);
			path = Extensions;
			sourceTree = "<group>";
		};
		AE1303BE2587E3DA0083EEFB /* Frameworks */ = {
			isa = PBXGroup;
			children = (
			);
			name = Frameworks;
			sourceTree = "<group>";
		};
		AE317AFC2589017400B7420A /* Extensions */ = {
			isa = PBXGroup;
			children = (
				AE317AFD2589018F00B7420A /* ButtonStyle.swift */,
			);
			path = Extensions;
			sourceTree = "<group>";
		};
		AE3675FF258AAF6700F57A3C /* Add Bookmark */ = {
			isa = PBXGroup;
			children = (
				AEF4F4762589529200FF8F45 /* AddBookmarkView.swift */,
				AEF4F4772589529200FF8F45 /* AddBookmarkViewModel.swift */,
			);
			path = "Add Bookmark";
			sourceTree = "<group>";
		};
		AE367600258AAF7600F57A3C /* Login */ = {
			isa = PBXGroup;
			children = (
				AE317AF72588FD9D00B7420A /* LoginView.swift */,
				AE317AF82588FD9D00B7420A /* LoginViewModel.swift */,
			);
			path = Login;
			sourceTree = "<group>";
		};
		AE367601258AAF7E00F57A3C /* Sidebar Item */ = {
			isa = PBXGroup;
			children = (
				AE0F3B16258A339C00227428 /* SidebarItemView.swift */,
				AE0F3B17258A339C00227428 /* SidebarItemViewModel.swift */,
			);
			path = "Sidebar Item";
			sourceTree = "<group>";
		};
		AE367602258AAF8600F57A3C /* Sidebar */ = {
			isa = PBXGroup;
			children = (
				AE0F3B10258A0F9200227428 /* SidebarView.swift */,
				AE0F3B11258A0F9200227428 /* SidebarViewModel.swift */,
			);
			path = Sidebar;
			sourceTree = "<group>";
		};
		AE367604258AAF8F00F57A3C /* Bookmarks */ = {
			isa = PBXGroup;
			children = (
				AE0F3A5C258A07CA00227428 /* BookmarksView.swift */,
				AE0F3A5D258A07CA00227428 /* BookmarksViewModel.swift */,
			);
			path = Bookmarks;
			sourceTree = "<group>";
		};
		AE367606258AAF9B00F57A3C /* Bookmark */ = {
			isa = PBXGroup;
			children = (
				AEBFB5042589D9FF001521A2 /* BookmarkView.swift */,
				AEBFB5052589D9FF001521A2 /* BookmarkViewModel.swift */,
			);
			path = Bookmark;
			sourceTree = "<group>";
		};
		AE494F40258ABE5200CFECB6 /* Main */ = {
			isa = PBXGroup;
			children = (
				AE793005258675DB00A68947 /* MainView.swift */,
			);
			path = Main;
			sourceTree = "<group>";
		};
		AE792FF7258675DB00A68947 = {
			isa = PBXGroup;
			children = (
				AE793002258675DB00A68947 /* Pinboarding */,
				AE793001258675DB00A68947 /* Products */,
				AE1303BE2587E3DA0083EEFB /* Frameworks */,
			);
			sourceTree = "<group>";
		};
		AE793001258675DB00A68947 /* Products */ = {
			isa = PBXGroup;
			children = (
				AE793000258675DB00A68947 /* Pinboarding.app */,
			);
			name = Products;
			sourceTree = "<group>";
		};
		AE793002258675DB00A68947 /* Pinboarding */ = {
			isa = PBXGroup;
			children = (
				AE793003258675DB00A68947 /* PinboardingApp.swift */,
				AE7930162586838700A68947 /* Assets */,
				AE317AFC2589017400B7420A /* Extensions */,
				AE00EA04258AD573002D9558 /* Repository */,
				AE793017258683C800A68947 /* Supporting Files */,
				AE7930152586837900A68947 /* Views */,
			);
			path = Pinboarding;
			sourceTree = "<group>";
		};
		AE7930152586837900A68947 /* Views */ = {
			isa = PBXGroup;
			children = (
				AE3675FF258AAF6700F57A3C /* Add Bookmark */,
				AE367606258AAF9B00F57A3C /* Bookmark */,
				AE367604258AAF8F00F57A3C /* Bookmarks */,
				AE367600258AAF7600F57A3C /* Login */,
				AE494F40258ABE5200CFECB6 /* Main */,
				AE367602258AAF8600F57A3C /* Sidebar */,
				AE367601258AAF7E00F57A3C /* Sidebar Item */,
			);
			path = Views;
			sourceTree = "<group>";
		};
		AE7930162586838700A68947 /* Assets */ = {
			isa = PBXGroup;
			children = (
				AE793007258675DC00A68947 /* Assets.xcassets */,
				AE79301B2586841700A68947 /* Preview Content */,
			);
			path = Assets;
			sourceTree = "<group>";
		};
		AE793017258683C800A68947 /* Supporting Files */ = {
			isa = PBXGroup;
			children = (
				AE79300C258675DC00A68947 /* Info.plist */,
				AE79300D258675DC00A68947 /* Pinboarding.entitlements */,
			);
			path = "Supporting Files";
			sourceTree = "<group>";
		};
		AE79301B2586841700A68947 /* Preview Content */ = {
			isa = PBXGroup;
			children = (
				AE79300A258675DC00A68947 /* Preview Assets.xcassets */,
			);
			path = "Preview Content";
			sourceTree = "<group>";
		};
/* End PBXGroup section */

/* Begin PBXNativeTarget section */
		AE792FFF258675DB00A68947 /* Pinboarding */ = {
			isa = PBXNativeTarget;
			buildConfigurationList = AE793010258675DC00A68947 /* Build configuration list for PBXNativeTarget "Pinboarding" */;
			buildPhases = (
				AE792FFC258675DB00A68947 /* Sources */,
				AE792FFD258675DB00A68947 /* Frameworks */,
				AE792FFE258675DB00A68947 /* Resources */,
			);
			buildRules = (
			);
			dependencies = (
			);
			name = Pinboarding;
			packageProductDependencies = (
				AEFAAB4A25883BE2001DB745 /* PinboardKit */,
			);
			productName = Pinboarding;
			productReference = AE793000258675DB00A68947 /* Pinboarding.app */;
			productType = "com.apple.product-type.application";
		};
/* End PBXNativeTarget section */

/* Begin PBXProject section */
		AE792FF8258675DB00A68947 /* Project object */ = {
			isa = PBXProject;
			attributes = {
				LastSwiftUpdateCheck = 1230;
				LastUpgradeCheck = 1230;
				TargetAttributes = {
					AE792FFF258675DB00A68947 = {
						CreatedOnToolsVersion = 12.3;
					};
				};
			};
			buildConfigurationList = AE792FFB258675DB00A68947 /* Build configuration list for PBXProject "Pinboarding" */;
			compatibilityVersion = "Xcode 9.3";
			developmentRegion = en;
			hasScannedForEncodings = 0;
			knownRegions = (
				en,
				Base,
			);
			mainGroup = AE792FF7258675DB00A68947;
			packageReferences = (
				AEFAAB4925883BE2001DB745 /* XCRemoteSwiftPackageReference "PinboardKit" */,
			);
			productRefGroup = AE793001258675DB00A68947 /* Products */;
			projectDirPath = "";
			projectRoot = "";
			targets = (
				AE792FFF258675DB00A68947 /* Pinboarding */,
			);
		};
/* End PBXProject section */

/* Begin PBXResourcesBuildPhase section */
		AE792FFE258675DB00A68947 /* Resources */ = {
			isa = PBXResourcesBuildPhase;
			buildActionMask = 2147483647;
			files = (
				AE79300B258675DC00A68947 /* Preview Assets.xcassets in Resources */,
				AE793008258675DC00A68947 /* Assets.xcassets in Resources */,
			);
			runOnlyForDeploymentPostprocessing = 0;
		};
/* End PBXResourcesBuildPhase section */

/* Begin PBXSourcesBuildPhase section */
		AE792FFC258675DB00A68947 /* Sources */ = {
			isa = PBXSourcesBuildPhase;
			buildActionMask = 2147483647;
			files = (
				AE317AFA2588FD9D00B7420A /* LoginViewModel.swift in Sources */,
				AE0F3B12258A0F9200227428 /* SidebarView.swift in Sources */,
				AE00EA07258AD5B1002D9558 /* PinboardRepository.swift in Sources */,
				AE317AF92588FD9D00B7420A /* LoginView.swift in Sources */,
				AEBFB5062589D9FF001521A2 /* BookmarkView.swift in Sources */,
				AE0F3B18258A339C00227428 /* SidebarItemView.swift in Sources */,
				AE793006258675DB00A68947 /* MainView.swift in Sources */,
				AE317AFE2589018F00B7420A /* ButtonStyle.swift in Sources */,
				AEF4F4782589529200FF8F45 /* AddBookmarkView.swift in Sources */,
				AEBFB5072589D9FF001521A2 /* BookmarkViewModel.swift in Sources */,
				AEE78D9A258BAF17001CA0EA /* Booleans+Repository.swift in Sources */,
				AE0F3A5F258A07CA00227428 /* BookmarksViewModel.swift in Sources */,
				AE793004258675DB00A68947 /* PinboardingApp.swift in Sources */,
				AE0F3B13258A0F9200227428 /* SidebarViewModel.swift in Sources */,
				AE0F3A5E258A07CA00227428 /* BookmarksView.swift in Sources */,
				AE0F3B19258A339C00227428 /* SidebarItemViewModel.swift in Sources */,
				AEF4F4792589529200FF8F45 /* AddBookmarkViewModel.swift in Sources */,
				AE00EA0A258AD814002D9558 /* PinboardRepositoryProtocol.swift in Sources */,
				AE00EA12258AE963002D9558 /* Bookmark+Repository.swift in Sources */,
				AE00EA0E258AE0EA002D9558 /* Bookmark.swift in Sources */,
			);
			runOnlyForDeploymentPostprocessing = 0;
		};
/* End PBXSourcesBuildPhase section */

/* Begin XCBuildConfiguration section */
		AE79300E258675DC00A68947 /* Debug */ = {
			isa = XCBuildConfiguration;
			buildSettings = {
				ALWAYS_SEARCH_USER_PATHS = NO;
				CLANG_ANALYZER_NONNULL = YES;
				CLANG_ANALYZER_NUMBER_OBJECT_CONVERSION = YES_AGGRESSIVE;
				CLANG_CXX_LANGUAGE_STANDARD = "gnu++14";
				CLANG_CXX_LIBRARY = "libc++";
				CLANG_ENABLE_MODULES = YES;
				CLANG_ENABLE_OBJC_ARC = YES;
				CLANG_ENABLE_OBJC_WEAK = YES;
				CLANG_WARN_BLOCK_CAPTURE_AUTORELEASING = YES;
				CLANG_WARN_BOOL_CONVERSION = YES;
				CLANG_WARN_COMMA = YES;
				CLANG_WARN_CONSTANT_CONVERSION = YES;
				CLANG_WARN_DEPRECATED_OBJC_IMPLEMENTATIONS = YES;
				CLANG_WARN_DIRECT_OBJC_ISA_USAGE = YES_ERROR;
				CLANG_WARN_DOCUMENTATION_COMMENTS = YES;
				CLANG_WARN_EMPTY_BODY = YES;
				CLANG_WARN_ENUM_CONVERSION = YES;
				CLANG_WARN_INFINITE_RECURSION = YES;
				CLANG_WARN_INT_CONVERSION = YES;
				CLANG_WARN_NON_LITERAL_NULL_CONVERSION = YES;
				CLANG_WARN_OBJC_IMPLICIT_RETAIN_SELF = YES;
				CLANG_WARN_OBJC_LITERAL_CONVERSION = YES;
				CLANG_WARN_OBJC_ROOT_CLASS = YES_ERROR;
				CLANG_WARN_QUOTED_INCLUDE_IN_FRAMEWORK_HEADER = YES;
				CLANG_WARN_RANGE_LOOP_ANALYSIS = YES;
				CLANG_WARN_STRICT_PROTOTYPES = YES;
				CLANG_WARN_SUSPICIOUS_MOVE = YES;
				CLANG_WARN_UNGUARDED_AVAILABILITY = YES_AGGRESSIVE;
				CLANG_WARN_UNREACHABLE_CODE = YES;
				CLANG_WARN__DUPLICATE_METHOD_MATCH = YES;
				COPY_PHASE_STRIP = NO;
				DEBUG_INFORMATION_FORMAT = dwarf;
				ENABLE_STRICT_OBJC_MSGSEND = YES;
				ENABLE_TESTABILITY = YES;
				GCC_C_LANGUAGE_STANDARD = gnu11;
				GCC_DYNAMIC_NO_PIC = NO;
				GCC_NO_COMMON_BLOCKS = YES;
				GCC_OPTIMIZATION_LEVEL = 0;
				GCC_PREPROCESSOR_DEFINITIONS = (
					"DEBUG=1",
					"$(inherited)",
				);
				GCC_WARN_64_TO_32_BIT_CONVERSION = YES;
				GCC_WARN_ABOUT_RETURN_TYPE = YES_ERROR;
				GCC_WARN_UNDECLARED_SELECTOR = YES;
				GCC_WARN_UNINITIALIZED_AUTOS = YES_AGGRESSIVE;
				GCC_WARN_UNUSED_FUNCTION = YES;
				GCC_WARN_UNUSED_VARIABLE = YES;
				MACOSX_DEPLOYMENT_TARGET = 11.0;
				MTL_ENABLE_DEBUG_INFO = INCLUDE_SOURCE;
				MTL_FAST_MATH = YES;
				ONLY_ACTIVE_ARCH = YES;
				SDKROOT = macosx;
				SWIFT_ACTIVE_COMPILATION_CONDITIONS = DEBUG;
				SWIFT_OPTIMIZATION_LEVEL = "-Onone";
			};
			name = Debug;
		};
		AE79300F258675DC00A68947 /* Release */ = {
			isa = XCBuildConfiguration;
			buildSettings = {
				ALWAYS_SEARCH_USER_PATHS = NO;
				CLANG_ANALYZER_NONNULL = YES;
				CLANG_ANALYZER_NUMBER_OBJECT_CONVERSION = YES_AGGRESSIVE;
				CLANG_CXX_LANGUAGE_STANDARD = "gnu++14";
				CLANG_CXX_LIBRARY = "libc++";
				CLANG_ENABLE_MODULES = YES;
				CLANG_ENABLE_OBJC_ARC = YES;
				CLANG_ENABLE_OBJC_WEAK = YES;
				CLANG_WARN_BLOCK_CAPTURE_AUTORELEASING = YES;
				CLANG_WARN_BOOL_CONVERSION = YES;
				CLANG_WARN_COMMA = YES;
				CLANG_WARN_CONSTANT_CONVERSION = YES;
				CLANG_WARN_DEPRECATED_OBJC_IMPLEMENTATIONS = YES;
				CLANG_WARN_DIRECT_OBJC_ISA_USAGE = YES_ERROR;
				CLANG_WARN_DOCUMENTATION_COMMENTS = YES;
				CLANG_WARN_EMPTY_BODY = YES;
				CLANG_WARN_ENUM_CONVERSION = YES;
				CLANG_WARN_INFINITE_RECURSION = YES;
				CLANG_WARN_INT_CONVERSION = YES;
				CLANG_WARN_NON_LITERAL_NULL_CONVERSION = YES;
				CLANG_WARN_OBJC_IMPLICIT_RETAIN_SELF = YES;
				CLANG_WARN_OBJC_LITERAL_CONVERSION = YES;
				CLANG_WARN_OBJC_ROOT_CLASS = YES_ERROR;
				CLANG_WARN_QUOTED_INCLUDE_IN_FRAMEWORK_HEADER = YES;
				CLANG_WARN_RANGE_LOOP_ANALYSIS = YES;
				CLANG_WARN_STRICT_PROTOTYPES = YES;
				CLANG_WARN_SUSPICIOUS_MOVE = YES;
				CLANG_WARN_UNGUARDED_AVAILABILITY = YES_AGGRESSIVE;
				CLANG_WARN_UNREACHABLE_CODE = YES;
				CLANG_WARN__DUPLICATE_METHOD_MATCH = YES;
				COPY_PHASE_STRIP = NO;
				DEBUG_INFORMATION_FORMAT = "dwarf-with-dsym";
				ENABLE_NS_ASSERTIONS = NO;
				ENABLE_STRICT_OBJC_MSGSEND = YES;
				GCC_C_LANGUAGE_STANDARD = gnu11;
				GCC_NO_COMMON_BLOCKS = YES;
				GCC_WARN_64_TO_32_BIT_CONVERSION = YES;
				GCC_WARN_ABOUT_RETURN_TYPE = YES_ERROR;
				GCC_WARN_UNDECLARED_SELECTOR = YES;
				GCC_WARN_UNINITIALIZED_AUTOS = YES_AGGRESSIVE;
				GCC_WARN_UNUSED_FUNCTION = YES;
				GCC_WARN_UNUSED_VARIABLE = YES;
				MACOSX_DEPLOYMENT_TARGET = 11.0;
				MTL_ENABLE_DEBUG_INFO = NO;
				MTL_FAST_MATH = YES;
				SDKROOT = macosx;
				SWIFT_COMPILATION_MODE = wholemodule;
				SWIFT_OPTIMIZATION_LEVEL = "-O";
			};
			name = Release;
		};
		AE793011258675DC00A68947 /* Debug */ = {
			isa = XCBuildConfiguration;
			buildSettings = {
				ASSETCATALOG_COMPILER_APPICON_NAME = AppIcon;
				ASSETCATALOG_COMPILER_GLOBAL_ACCENT_COLOR_NAME = AccentColor;
				CODE_SIGN_ENTITLEMENTS = "Pinboarding/Supporting Files/Pinboarding.entitlements";
				CODE_SIGN_STYLE = Automatic;
				COMBINE_HIDPI_IMAGES = YES;
				DEVELOPMENT_ASSET_PATHS = "\"Pinboarding/Assets/Preview Content\"";
				ENABLE_PREVIEWS = YES;
				INFOPLIST_FILE = "Pinboarding/Supporting Files/Info.plist";
				LD_RUNPATH_SEARCH_PATHS = (
					"$(inherited)",
					"@executable_path/../Frameworks",
				);
				MACOSX_DEPLOYMENT_TARGET = 11.0;
				PRODUCT_BUNDLE_IDENTIFIER = com.otaviocc.Pinboarding;
				PRODUCT_NAME = "$(TARGET_NAME)";
				SWIFT_VERSION = 5.0;
			};
			name = Debug;
		};
		AE793012258675DC00A68947 /* Release */ = {
			isa = XCBuildConfiguration;
			buildSettings = {
				ASSETCATALOG_COMPILER_APPICON_NAME = AppIcon;
				ASSETCATALOG_COMPILER_GLOBAL_ACCENT_COLOR_NAME = AccentColor;
				CODE_SIGN_ENTITLEMENTS = "Pinboarding/Supporting Files/Pinboarding.entitlements";
				CODE_SIGN_STYLE = Automatic;
				COMBINE_HIDPI_IMAGES = YES;
				DEVELOPMENT_ASSET_PATHS = "\"Pinboarding/Assets/Preview Content\"";
				ENABLE_PREVIEWS = YES;
				INFOPLIST_FILE = "Pinboarding/Supporting Files/Info.plist";
				LD_RUNPATH_SEARCH_PATHS = (
					"$(inherited)",
					"@executable_path/../Frameworks",
				);
				MACOSX_DEPLOYMENT_TARGET = 11.0;
				PRODUCT_BUNDLE_IDENTIFIER = com.otaviocc.Pinboarding;
				PRODUCT_NAME = "$(TARGET_NAME)";
				SWIFT_VERSION = 5.0;
			};
			name = Release;
		};
/* End XCBuildConfiguration section */

/* Begin XCConfigurationList section */
		AE792FFB258675DB00A68947 /* Build configuration list for PBXProject "Pinboarding" */ = {
			isa = XCConfigurationList;
			buildConfigurations = (
				AE79300E258675DC00A68947 /* Debug */,
				AE79300F258675DC00A68947 /* Release */,
			);
			defaultConfigurationIsVisible = 0;
			defaultConfigurationName = Release;
		};
		AE793010258675DC00A68947 /* Build configuration list for PBXNativeTarget "Pinboarding" */ = {
			isa = XCConfigurationList;
			buildConfigurations = (
				AE793011258675DC00A68947 /* Debug */,
				AE793012258675DC00A68947 /* Release */,
			);
			defaultConfigurationIsVisible = 0;
			defaultConfigurationName = Release;
		};
/* End XCConfigurationList section */

/* Begin XCRemoteSwiftPackageReference section */
		AEFAAB4925883BE2001DB745 /* XCRemoteSwiftPackageReference "PinboardKit" */ = {
			isa = XCRemoteSwiftPackageReference;
			repositoryURL = "https://github.com/otaviocc/PinboardKit";
			requirement = {
				branch = main;
				kind = branch;
			};
		};
/* End XCRemoteSwiftPackageReference section */

/* Begin XCSwiftPackageProductDependency section */
		AEFAAB4A25883BE2001DB745 /* PinboardKit */ = {
			isa = XCSwiftPackageProductDependency;
			package = AEFAAB4925883BE2001DB745 /* XCRemoteSwiftPackageReference "PinboardKit" */;
			productName = PinboardKit;
		};
/* End XCSwiftPackageProductDependency section */
	};
	rootObject = AE792FF8258675DB00A68947 /* Project object */;
}
