// !$*UTF8*$!
{
	archiveVersion = 1;
	classes = {
	};
	objectVersion = 52;
	objects = {

/* Begin PBXBuildFile section */
		AE00EA07258AD5B1002D9558 /* PinboardRepository.swift in Sources */ = {isa = PBXBuildFile; fileRef = AE00EA06258AD5B1002D9558 /* PinboardRepository.swift */; };
		AE039704258E5B3900D744FB /* LoginViewModel.swift in Sources */ = {isa = PBXBuildFile; fileRef = AE039703258E5B3900D744FB /* LoginViewModel.swift */; };
		AE0F3A5E258A07CA00227428 /* BookmarksView.swift in Sources */ = {isa = PBXBuildFile; fileRef = AE0F3A5C258A07CA00227428 /* BookmarksView.swift */; };
		AE0F3B12258A0F9200227428 /* SidebarView.swift in Sources */ = {isa = PBXBuildFile; fileRef = AE0F3B10258A0F9200227428 /* SidebarView.swift */; };
		AE0F3B13258A0F9200227428 /* SidebarViewModel.swift in Sources */ = {isa = PBXBuildFile; fileRef = AE0F3B11258A0F9200227428 /* SidebarViewModel.swift */; };
		AE0F3B18258A339C00227428 /* SidebarItemView.swift in Sources */ = {isa = PBXBuildFile; fileRef = AE0F3B16258A339C00227428 /* SidebarItemView.swift */; };
		AE0F3B19258A339C00227428 /* SidebarPrimaryItem.swift in Sources */ = {isa = PBXBuildFile; fileRef = AE0F3B17258A339C00227428 /* SidebarPrimaryItem.swift */; };
		AE10FAEA2594D54500C79B82 /* Tag+CoreDataClass.swift in Sources */ = {isa = PBXBuildFile; fileRef = AE10FAE62594D54500C79B82 /* Tag+CoreDataClass.swift */; };
		AE10FAEB2594D54500C79B82 /* Tag+CoreDataProperties.swift in Sources */ = {isa = PBXBuildFile; fileRef = AE10FAE72594D54500C79B82 /* Tag+CoreDataProperties.swift */; };
		AE10FAEC2594D54500C79B82 /* Bookmark+CoreDataProperties.swift in Sources */ = {isa = PBXBuildFile; fileRef = AE10FAE82594D54500C79B82 /* Bookmark+CoreDataProperties.swift */; };
		AE10FAED2594D54500C79B82 /* Bookmark+CoreDataClass.swift in Sources */ = {isa = PBXBuildFile; fileRef = AE10FAE92594D54500C79B82 /* Bookmark+CoreDataClass.swift */; };
		AE12D7832597DDCB007A9EFB /* BookmarksListViewModel.swift in Sources */ = {isa = PBXBuildFile; fileRef = AE12D7822597DDCB007A9EFB /* BookmarksListViewModel.swift */; };
		AE2E0AA525AB71530077CBDC /* BookmarkCommands.swift in Sources */ = {isa = PBXBuildFile; fileRef = AE2E0AA425AB71530077CBDC /* BookmarkCommands.swift */; };
		AE2F588D258EB84D00D19421 /* SettingsStore.swift in Sources */ = {isa = PBXBuildFile; fileRef = AE2F588C258EB84D00D19421 /* SettingsStore.swift */; };
		AE317AF92588FD9D00B7420A /* SettingsView.swift in Sources */ = {isa = PBXBuildFile; fileRef = AE317AF72588FD9D00B7420A /* SettingsView.swift */; };
		AE3FC50E25E0680E00A91B3A /* NWPathMonitor.swift in Sources */ = {isa = PBXBuildFile; fileRef = AE3FC50D25E0680E00A91B3A /* NWPathMonitor.swift */; };
		AE5781F8258DE42F00A524F4 /* LoginView.swift in Sources */ = {isa = PBXBuildFile; fileRef = AE5781F6258DE42F00A524F4 /* LoginView.swift */; };
		AE628CC6258FA2D300F91800 /* SettingsStoreChange.swift in Sources */ = {isa = PBXBuildFile; fileRef = AE628CC5258FA2D300F91800 /* SettingsStoreChange.swift */; };
		AE6D05CE25BC920B00BEDDD4 /* SecureStorage.swift in Sources */ = {isa = PBXBuildFile; fileRef = AE6D05CD25BC920B00BEDDD4 /* SecureStorage.swift */; };
		AE78871E261B256700FBCC38 /* Preview+AppEnvironment.swift in Sources */ = {isa = PBXBuildFile; fileRef = AE78871D261B256700FBCC38 /* Preview+AppEnvironment.swift */; };
		AE793004258675DB00A68947 /* PinboardingApp.swift in Sources */ = {isa = PBXBuildFile; fileRef = AE793003258675DB00A68947 /* PinboardingApp.swift */; };
		AE793006258675DB00A68947 /* MainView.swift in Sources */ = {isa = PBXBuildFile; fileRef = AE793005258675DB00A68947 /* MainView.swift */; };
		AE793008258675DC00A68947 /* Assets.xcassets in Resources */ = {isa = PBXBuildFile; fileRef = AE793007258675DC00A68947 /* Assets.xcassets */; };
		AE79300B258675DC00A68947 /* Preview Assets.xcassets in Resources */ = {isa = PBXBuildFile; fileRef = AE79300A258675DC00A68947 /* Preview Assets.xcassets */; };
		AE7EE6BA25A9B3C0004EDEB9 /* TwoColumnsAlignment.swift in Sources */ = {isa = PBXBuildFile; fileRef = AE7EE6B925A9B3C0004EDEB9 /* TwoColumnsAlignment.swift */; };
		AE83841025979D1100A4C5A7 /* Preview+Settings.swift in Sources */ = {isa = PBXBuildFile; fileRef = AE83840F25979D1100A4C5A7 /* Preview+Settings.swift */; };
		AE8384182597B5AE00A4C5A7 /* BookmarksListView.swift in Sources */ = {isa = PBXBuildFile; fileRef = AE8384172597B5AE00A4C5A7 /* BookmarksListView.swift */; };
		AE8F4DD925BD93A3007E6053 /* Preview+TokenStore.swift in Sources */ = {isa = PBXBuildFile; fileRef = AE8F4DD825BD93A3007E6053 /* Preview+TokenStore.swift */; };
		AE8F4DDD25BD9687007E6053 /* TokenStoreProtocol.swift in Sources */ = {isa = PBXBuildFile; fileRef = AE8F4DDC25BD9687007E6053 /* TokenStoreProtocol.swift */; };
		AE8F4DE025BD96A4007E6053 /* AnyTokenStore.swift in Sources */ = {isa = PBXBuildFile; fileRef = AE8F4DDF25BD96A4007E6053 /* AnyTokenStore.swift */; };
		AE9541EB259AB01A00B1AA15 /* NetworkActivityEvent.swift in Sources */ = {isa = PBXBuildFile; fileRef = AE9541EA259AB01A00B1AA15 /* NetworkActivityEvent.swift */; };
		AE9541EE259AC30600B1AA15 /* Preview+Networking.swift in Sources */ = {isa = PBXBuildFile; fileRef = AE9541ED259AC30600B1AA15 /* Preview+Networking.swift */; };
		AE9541F3259B2D1E00B1AA15 /* TagsSectionView.swift in Sources */ = {isa = PBXBuildFile; fileRef = AE9541F2259B2D1E00B1AA15 /* TagsSectionView.swift */; };
		AE9541F7259B2D8800B1AA15 /* MyBookmarksSectionView.swift in Sources */ = {isa = PBXBuildFile; fileRef = AE9541F6259B2D8800B1AA15 /* MyBookmarksSectionView.swift */; };
		AE9541FA259B2DD500B1AA15 /* MyBookmarksSectionViewModel.swift in Sources */ = {isa = PBXBuildFile; fileRef = AE9541F9259B2DD500B1AA15 /* MyBookmarksSectionViewModel.swift */; };
		AE9F993E25A15F75001D2889 /* PrivateView.swift in Sources */ = {isa = PBXBuildFile; fileRef = AE9F993D25A15F75001D2889 /* PrivateView.swift */; };
		AE9F994525A1AC12001D2889 /* RefreshView.swift in Sources */ = {isa = PBXBuildFile; fileRef = AE9F994325A1AC12001D2889 /* RefreshView.swift */; };
		AE9F994625A1AC12001D2889 /* RefreshViewModel.swift in Sources */ = {isa = PBXBuildFile; fileRef = AE9F994425A1AC12001D2889 /* RefreshViewModel.swift */; };
		AEA3DA94259B360600C4DB0F /* SharingServicePicker.swift in Sources */ = {isa = PBXBuildFile; fileRef = AEA3DA93259B360600C4DB0F /* SharingServicePicker.swift */; };
		AEA5340425A4E23200AF2481 /* SearchField.swift in Sources */ = {isa = PBXBuildFile; fileRef = AEA5340325A4E23200AF2481 /* SearchField.swift */; };
		AEAB957A25A51FD900F4B7D3 /* SearchStore.swift in Sources */ = {isa = PBXBuildFile; fileRef = AEAB957925A51FD900F4B7D3 /* SearchStore.swift */; };
		AEBFB5062589D9FF001521A2 /* BookmarkView.swift in Sources */ = {isa = PBXBuildFile; fileRef = AEBFB5042589D9FF001521A2 /* BookmarkView.swift */; };
		AEBFB5072589D9FF001521A2 /* BookmarkViewModel.swift in Sources */ = {isa = PBXBuildFile; fileRef = AEBFB5052589D9FF001521A2 /* BookmarkViewModel.swift */; };
		AEBFB68A25940F4D001626AA /* PinboardingAppEnvironment.swift in Sources */ = {isa = PBXBuildFile; fileRef = AEBFB68925940F4D001626AA /* PinboardingAppEnvironment.swift */; };
		AEBFB699259413C8001626AA /* NSSortDescriptor+App.swift in Sources */ = {isa = PBXBuildFile; fileRef = AEBFB698259413C8001626AA /* NSSortDescriptor+App.swift */; };
		AEC4A94F259B9F09000C65A8 /* SafariButton.swift in Sources */ = {isa = PBXBuildFile; fileRef = AEC4A94E259B9F09000C65A8 /* SafariButton.swift */; };
		AEC4A953259B9F38000C65A8 /* ShareButton.swift in Sources */ = {isa = PBXBuildFile; fileRef = AEC4A952259B9F38000C65A8 /* ShareButton.swift */; };
		AEC622892591DA6F003FDE66 /* PersistenceController.swift in Sources */ = {isa = PBXBuildFile; fileRef = AEC622882591DA6F003FDE66 /* PersistenceController.swift */; };
		AEC6228D2591DB03003FDE66 /* NetworkController.swift in Sources */ = {isa = PBXBuildFile; fileRef = AEC6228C2591DB03003FDE66 /* NetworkController.swift */; };
		AEC6229B259222B4003FDE66 /* Post+Repository.swift in Sources */ = {isa = PBXBuildFile; fileRef = AEC6229A259222B4003FDE66 /* Post+Repository.swift */; };
		AEC72E0E259780FF008C7FF3 /* Preview+Persistence.swift in Sources */ = {isa = PBXBuildFile; fileRef = AEC72E0D259780FF008C7FF3 /* Preview+Persistence.swift */; };
		AEC72E112597890E008C7FF3 /* Preview.swift in Sources */ = {isa = PBXBuildFile; fileRef = AEC72E102597890E008C7FF3 /* Preview.swift */; };
		AECC8C0725F8E16C008568EE /* QRCodeView.swift in Sources */ = {isa = PBXBuildFile; fileRef = AECC8C0625F8E16C008568EE /* QRCodeView.swift */; };
		AECC8C0B25F9460A008568EE /* QRCodeButton.swift in Sources */ = {isa = PBXBuildFile; fileRef = AECC8C0A25F9460A008568EE /* QRCodeButton.swift */; };
		AECE16F32591BD640024DC88 /* Pinboarding.xcdatamodeld in Sources */ = {isa = PBXBuildFile; fileRef = AECE16F12591BD640024DC88 /* Pinboarding.xcdatamodeld */; };
		AED5883A25FA2F9100E31B33 /* Icon.swift in Sources */ = {isa = PBXBuildFile; fileRef = AED5883925FA2F9100E31B33 /* Icon.swift */; };
		AEE78D9A258BAF17001CA0EA /* Booleans+Repository.swift in Sources */ = {isa = PBXBuildFile; fileRef = AEE78D99258BAF17001CA0EA /* Booleans+Repository.swift */; };
		AEED4D7025BB7CFB00756570 /* SecureStore.swift in Sources */ = {isa = PBXBuildFile; fileRef = AEED4D6F25BB7CFB00756570 /* SecureStore.swift */; };
		AEF0DF09258EC8A8000F4BFF /* GeneralView.swift in Sources */ = {isa = PBXBuildFile; fileRef = AEF0DF07258EC8A8000F4BFF /* GeneralView.swift */; };
		AEF0DF11258ECB8D000F4BFF /* GeneralViewModel.swift in Sources */ = {isa = PBXBuildFile; fileRef = AEF0DF10258ECB8D000F4BFF /* GeneralViewModel.swift */; };
		AEF4F4782589529200FF8F45 /* AddBookmarkView.swift in Sources */ = {isa = PBXBuildFile; fileRef = AEF4F4762589529200FF8F45 /* AddBookmarkView.swift */; };
		AEF4F4792589529200FF8F45 /* AddBookmarkViewModel.swift in Sources */ = {isa = PBXBuildFile; fileRef = AEF4F4772589529200FF8F45 /* AddBookmarkViewModel.swift */; };
		AEF8A7B925C154A300E081B5 /* Preview+SearchStore.swift in Sources */ = {isa = PBXBuildFile; fileRef = AEF8A7B825C154A300E081B5 /* Preview+SearchStore.swift */; };
		AEFAAB4B25883BE2001DB745 /* PinboardKit in Frameworks */ = {isa = PBXBuildFile; productRef = AEFAAB4A25883BE2001DB745 /* PinboardKit */; };
/* End PBXBuildFile section */

/* Begin PBXFileReference section */
		AE00EA06258AD5B1002D9558 /* PinboardRepository.swift */ = {isa = PBXFileReference; lastKnownFileType = sourcecode.swift; path = PinboardRepository.swift; sourceTree = "<group>"; };
		AE039703258E5B3900D744FB /* LoginViewModel.swift */ = {isa = PBXFileReference; lastKnownFileType = sourcecode.swift; path = LoginViewModel.swift; sourceTree = "<group>"; };
		AE0F3A5C258A07CA00227428 /* BookmarksView.swift */ = {isa = PBXFileReference; lastKnownFileType = sourcecode.swift; path = BookmarksView.swift; sourceTree = "<group>"; };
		AE0F3B10258A0F9200227428 /* SidebarView.swift */ = {isa = PBXFileReference; lastKnownFileType = sourcecode.swift; path = SidebarView.swift; sourceTree = "<group>"; };
		AE0F3B11258A0F9200227428 /* SidebarViewModel.swift */ = {isa = PBXFileReference; lastKnownFileType = sourcecode.swift; path = SidebarViewModel.swift; sourceTree = "<group>"; };
		AE0F3B16258A339C00227428 /* SidebarItemView.swift */ = {isa = PBXFileReference; lastKnownFileType = sourcecode.swift; path = SidebarItemView.swift; sourceTree = "<group>"; };
		AE0F3B17258A339C00227428 /* SidebarPrimaryItem.swift */ = {isa = PBXFileReference; lastKnownFileType = sourcecode.swift; path = SidebarPrimaryItem.swift; sourceTree = "<group>"; };
		AE10FAE62594D54500C79B82 /* Tag+CoreDataClass.swift */ = {isa = PBXFileReference; fileEncoding = 4; lastKnownFileType = sourcecode.swift; path = "Tag+CoreDataClass.swift"; sourceTree = "<group>"; };
		AE10FAE72594D54500C79B82 /* Tag+CoreDataProperties.swift */ = {isa = PBXFileReference; fileEncoding = 4; lastKnownFileType = sourcecode.swift; path = "Tag+CoreDataProperties.swift"; sourceTree = "<group>"; };
		AE10FAE82594D54500C79B82 /* Bookmark+CoreDataProperties.swift */ = {isa = PBXFileReference; fileEncoding = 4; lastKnownFileType = sourcecode.swift; path = "Bookmark+CoreDataProperties.swift"; sourceTree = "<group>"; };
		AE10FAE92594D54500C79B82 /* Bookmark+CoreDataClass.swift */ = {isa = PBXFileReference; fileEncoding = 4; lastKnownFileType = sourcecode.swift; path = "Bookmark+CoreDataClass.swift"; sourceTree = "<group>"; };
		AE12D7822597DDCB007A9EFB /* BookmarksListViewModel.swift */ = {isa = PBXFileReference; lastKnownFileType = sourcecode.swift; path = BookmarksListViewModel.swift; sourceTree = "<group>"; };
		AE2E0AA425AB71530077CBDC /* BookmarkCommands.swift */ = {isa = PBXFileReference; lastKnownFileType = sourcecode.swift; path = BookmarkCommands.swift; sourceTree = "<group>"; };
		AE2F588C258EB84D00D19421 /* SettingsStore.swift */ = {isa = PBXFileReference; lastKnownFileType = sourcecode.swift; path = SettingsStore.swift; sourceTree = "<group>"; };
		AE317AF72588FD9D00B7420A /* SettingsView.swift */ = {isa = PBXFileReference; lastKnownFileType = sourcecode.swift; path = SettingsView.swift; sourceTree = "<group>"; };
		AE3FC50D25E0680E00A91B3A /* NWPathMonitor.swift */ = {isa = PBXFileReference; lastKnownFileType = sourcecode.swift; path = NWPathMonitor.swift; sourceTree = "<group>"; };
		AE5781F6258DE42F00A524F4 /* LoginView.swift */ = {isa = PBXFileReference; lastKnownFileType = sourcecode.swift; path = LoginView.swift; sourceTree = "<group>"; };
		AE628CC5258FA2D300F91800 /* SettingsStoreChange.swift */ = {isa = PBXFileReference; lastKnownFileType = sourcecode.swift; path = SettingsStoreChange.swift; sourceTree = "<group>"; };
		AE6D05CD25BC920B00BEDDD4 /* SecureStorage.swift */ = {isa = PBXFileReference; lastKnownFileType = sourcecode.swift; path = SecureStorage.swift; sourceTree = "<group>"; };
		AE78871D261B256700FBCC38 /* Preview+AppEnvironment.swift */ = {isa = PBXFileReference; lastKnownFileType = sourcecode.swift; path = "Preview+AppEnvironment.swift"; sourceTree = "<group>"; };
		AE793000258675DB00A68947 /* Pinboarding.app */ = {isa = PBXFileReference; explicitFileType = wrapper.application; includeInIndex = 0; path = Pinboarding.app; sourceTree = BUILT_PRODUCTS_DIR; };
		AE793003258675DB00A68947 /* PinboardingApp.swift */ = {isa = PBXFileReference; lastKnownFileType = sourcecode.swift; path = PinboardingApp.swift; sourceTree = "<group>"; };
		AE793005258675DB00A68947 /* MainView.swift */ = {isa = PBXFileReference; lastKnownFileType = sourcecode.swift; path = MainView.swift; sourceTree = "<group>"; };
		AE793007258675DC00A68947 /* Assets.xcassets */ = {isa = PBXFileReference; lastKnownFileType = folder.assetcatalog; path = Assets.xcassets; sourceTree = "<group>"; };
		AE79300A258675DC00A68947 /* Preview Assets.xcassets */ = {isa = PBXFileReference; lastKnownFileType = folder.assetcatalog; path = "Preview Assets.xcassets"; sourceTree = "<group>"; };
		AE79300C258675DC00A68947 /* Info.plist */ = {isa = PBXFileReference; lastKnownFileType = text.plist.xml; path = Info.plist; sourceTree = "<group>"; };
		AE79300D258675DC00A68947 /* Pinboarding.entitlements */ = {isa = PBXFileReference; lastKnownFileType = text.plist.entitlements; path = Pinboarding.entitlements; sourceTree = "<group>"; };
		AE7EE6B925A9B3C0004EDEB9 /* TwoColumnsAlignment.swift */ = {isa = PBXFileReference; lastKnownFileType = sourcecode.swift; path = TwoColumnsAlignment.swift; sourceTree = "<group>"; };
		AE83840F25979D1100A4C5A7 /* Preview+Settings.swift */ = {isa = PBXFileReference; lastKnownFileType = sourcecode.swift; path = "Preview+Settings.swift"; sourceTree = "<group>"; };
		AE8384172597B5AE00A4C5A7 /* BookmarksListView.swift */ = {isa = PBXFileReference; lastKnownFileType = sourcecode.swift; path = BookmarksListView.swift; sourceTree = "<group>"; };
		AE8F4DD825BD93A3007E6053 /* Preview+TokenStore.swift */ = {isa = PBXFileReference; lastKnownFileType = sourcecode.swift; path = "Preview+TokenStore.swift"; sourceTree = "<group>"; };
		AE8F4DDC25BD9687007E6053 /* TokenStoreProtocol.swift */ = {isa = PBXFileReference; lastKnownFileType = sourcecode.swift; path = TokenStoreProtocol.swift; sourceTree = "<group>"; };
		AE8F4DDF25BD96A4007E6053 /* AnyTokenStore.swift */ = {isa = PBXFileReference; lastKnownFileType = sourcecode.swift; path = AnyTokenStore.swift; sourceTree = "<group>"; };
		AE9541EA259AB01A00B1AA15 /* NetworkActivityEvent.swift */ = {isa = PBXFileReference; lastKnownFileType = sourcecode.swift; path = NetworkActivityEvent.swift; sourceTree = "<group>"; };
		AE9541ED259AC30600B1AA15 /* Preview+Networking.swift */ = {isa = PBXFileReference; lastKnownFileType = sourcecode.swift; path = "Preview+Networking.swift"; sourceTree = "<group>"; };
		AE9541F2259B2D1E00B1AA15 /* TagsSectionView.swift */ = {isa = PBXFileReference; lastKnownFileType = sourcecode.swift; path = TagsSectionView.swift; sourceTree = "<group>"; };
		AE9541F6259B2D8800B1AA15 /* MyBookmarksSectionView.swift */ = {isa = PBXFileReference; lastKnownFileType = sourcecode.swift; path = MyBookmarksSectionView.swift; sourceTree = "<group>"; };
		AE9541F9259B2DD500B1AA15 /* MyBookmarksSectionViewModel.swift */ = {isa = PBXFileReference; lastKnownFileType = sourcecode.swift; path = MyBookmarksSectionViewModel.swift; sourceTree = "<group>"; };
		AE9F993D25A15F75001D2889 /* PrivateView.swift */ = {isa = PBXFileReference; lastKnownFileType = sourcecode.swift; path = PrivateView.swift; sourceTree = "<group>"; };
		AE9F994325A1AC12001D2889 /* RefreshView.swift */ = {isa = PBXFileReference; lastKnownFileType = sourcecode.swift; path = RefreshView.swift; sourceTree = "<group>"; };
		AE9F994425A1AC12001D2889 /* RefreshViewModel.swift */ = {isa = PBXFileReference; lastKnownFileType = sourcecode.swift; path = RefreshViewModel.swift; sourceTree = "<group>"; };
		AEA3DA93259B360600C4DB0F /* SharingServicePicker.swift */ = {isa = PBXFileReference; lastKnownFileType = sourcecode.swift; path = SharingServicePicker.swift; sourceTree = "<group>"; };
		AEA5340325A4E23200AF2481 /* SearchField.swift */ = {isa = PBXFileReference; lastKnownFileType = sourcecode.swift; path = SearchField.swift; sourceTree = "<group>"; };
		AEAB957925A51FD900F4B7D3 /* SearchStore.swift */ = {isa = PBXFileReference; lastKnownFileType = sourcecode.swift; path = SearchStore.swift; sourceTree = "<group>"; };
		AEBFB5042589D9FF001521A2 /* BookmarkView.swift */ = {isa = PBXFileReference; lastKnownFileType = sourcecode.swift; path = BookmarkView.swift; sourceTree = "<group>"; };
		AEBFB5052589D9FF001521A2 /* BookmarkViewModel.swift */ = {isa = PBXFileReference; lastKnownFileType = sourcecode.swift; path = BookmarkViewModel.swift; sourceTree = "<group>"; };
		AEBFB68925940F4D001626AA /* PinboardingAppEnvironment.swift */ = {isa = PBXFileReference; lastKnownFileType = sourcecode.swift; path = PinboardingAppEnvironment.swift; sourceTree = "<group>"; };
		AEBFB698259413C8001626AA /* NSSortDescriptor+App.swift */ = {isa = PBXFileReference; lastKnownFileType = sourcecode.swift; path = "NSSortDescriptor+App.swift"; sourceTree = "<group>"; };
		AEC4A94E259B9F09000C65A8 /* SafariButton.swift */ = {isa = PBXFileReference; lastKnownFileType = sourcecode.swift; path = SafariButton.swift; sourceTree = "<group>"; };
		AEC4A952259B9F38000C65A8 /* ShareButton.swift */ = {isa = PBXFileReference; lastKnownFileType = sourcecode.swift; path = ShareButton.swift; sourceTree = "<group>"; };
		AEC622882591DA6F003FDE66 /* PersistenceController.swift */ = {isa = PBXFileReference; lastKnownFileType = sourcecode.swift; path = PersistenceController.swift; sourceTree = "<group>"; };
		AEC6228C2591DB03003FDE66 /* NetworkController.swift */ = {isa = PBXFileReference; lastKnownFileType = sourcecode.swift; path = NetworkController.swift; sourceTree = "<group>"; };
		AEC6229A259222B4003FDE66 /* Post+Repository.swift */ = {isa = PBXFileReference; lastKnownFileType = sourcecode.swift; path = "Post+Repository.swift"; sourceTree = "<group>"; };
		AEC72E0D259780FF008C7FF3 /* Preview+Persistence.swift */ = {isa = PBXFileReference; lastKnownFileType = sourcecode.swift; path = "Preview+Persistence.swift"; sourceTree = "<group>"; };
		AEC72E102597890E008C7FF3 /* Preview.swift */ = {isa = PBXFileReference; lastKnownFileType = sourcecode.swift; path = Preview.swift; sourceTree = "<group>"; };
		AECC8C0625F8E16C008568EE /* QRCodeView.swift */ = {isa = PBXFileReference; lastKnownFileType = sourcecode.swift; path = QRCodeView.swift; sourceTree = "<group>"; };
		AECC8C0A25F9460A008568EE /* QRCodeButton.swift */ = {isa = PBXFileReference; lastKnownFileType = sourcecode.swift; path = QRCodeButton.swift; sourceTree = "<group>"; };
		AECE16F22591BD640024DC88 /* Pinboarding.xcdatamodel */ = {isa = PBXFileReference; lastKnownFileType = wrapper.xcdatamodel; path = Pinboarding.xcdatamodel; sourceTree = "<group>"; };
		AED5883925FA2F9100E31B33 /* Icon.swift */ = {isa = PBXFileReference; lastKnownFileType = sourcecode.swift; path = Icon.swift; sourceTree = "<group>"; };
		AEE78D99258BAF17001CA0EA /* Booleans+Repository.swift */ = {isa = PBXFileReference; lastKnownFileType = sourcecode.swift; path = "Booleans+Repository.swift"; sourceTree = "<group>"; };
		AEED4D6F25BB7CFB00756570 /* SecureStore.swift */ = {isa = PBXFileReference; lastKnownFileType = sourcecode.swift; path = SecureStore.swift; sourceTree = "<group>"; };
		AEF0DF07258EC8A8000F4BFF /* GeneralView.swift */ = {isa = PBXFileReference; lastKnownFileType = sourcecode.swift; path = GeneralView.swift; sourceTree = "<group>"; };
		AEF0DF10258ECB8D000F4BFF /* GeneralViewModel.swift */ = {isa = PBXFileReference; fileEncoding = 4; lastKnownFileType = sourcecode.swift; path = GeneralViewModel.swift; sourceTree = "<group>"; };
		AEF4F4762589529200FF8F45 /* AddBookmarkView.swift */ = {isa = PBXFileReference; lastKnownFileType = sourcecode.swift; path = AddBookmarkView.swift; sourceTree = "<group>"; };
		AEF4F4772589529200FF8F45 /* AddBookmarkViewModel.swift */ = {isa = PBXFileReference; lastKnownFileType = sourcecode.swift; path = AddBookmarkViewModel.swift; sourceTree = "<group>"; };
		AEF8A7B825C154A300E081B5 /* Preview+SearchStore.swift */ = {isa = PBXFileReference; lastKnownFileType = sourcecode.swift; path = "Preview+SearchStore.swift"; sourceTree = "<group>"; };
/* End PBXFileReference section */

/* Begin PBXFrameworksBuildPhase section */
		AE792FFD258675DB00A68947 /* Frameworks */ = {
			isa = PBXFrameworksBuildPhase;
			buildActionMask = 2147483647;
			files = (
				AEFAAB4B25883BE2001DB745 /* PinboardKit in Frameworks */,
			);
			runOnlyForDeploymentPostprocessing = 0;
		};
/* End PBXFrameworksBuildPhase section */

/* Begin PBXGroup section */
		AE00EA04258AD573002D9558 /* Repository */ = {
			isa = PBXGroup;
			children = (
				AE00EA06258AD5B1002D9558 /* PinboardRepository.swift */,
				AE00EA10258AE948002D9558 /* Extensions */,
				AEC6228B2591DAD3003FDE66 /* Network */,
				AECE16F02591BD3F0024DC88 /* Persistence */,
			);
			path = Repository;
			sourceTree = "<group>";
		};
		AE00EA10258AE948002D9558 /* Extensions */ = {
			isa = PBXGroup;
			children = (
				AEE78D99258BAF17001CA0EA /* Booleans+Repository.swift */,
				AEC6229A259222B4003FDE66 /* Post+Repository.swift */,
			);
			path = Extensions;
			sourceTree = "<group>";
		};
		AE1303BE2587E3DA0083EEFB /* Frameworks */ = {
			isa = PBXGroup;
			children = (
			);
			name = Frameworks;
			sourceTree = "<group>";
		};
		AE2E0AA325AB71320077CBDC /* Commands */ = {
			isa = PBXGroup;
			children = (
				AE2E0AA425AB71530077CBDC /* BookmarkCommands.swift */,
			);
			path = Commands;
			sourceTree = "<group>";
		};
		AE2F588B258EB73900D19421 /* Stores */ = {
			isa = PBXGroup;
			children = (
				AEEBE55525E94062009A0404 /* Search */,
				AEEBE55625E9406C009A0404 /* Settings */,
				AEEBE55725E94077009A0404 /* Token */,
			);
			path = Stores;
			sourceTree = "<group>";
		};
		AE3675FF258AAF6700F57A3C /* Add Bookmark */ = {
			isa = PBXGroup;
			children = (
				AEF4F4762589529200FF8F45 /* AddBookmarkView.swift */,
				AEF4F4772589529200FF8F45 /* AddBookmarkViewModel.swift */,
			);
			path = "Add Bookmark";
			sourceTree = "<group>";
		};
		AE367600258AAF7600F57A3C /* Settings */ = {
			isa = PBXGroup;
			children = (
				AE317AF72588FD9D00B7420A /* SettingsView.swift */,
			);
			path = Settings;
			sourceTree = "<group>";
		};
		AE367601258AAF7E00F57A3C /* Sidebar Item */ = {
			isa = PBXGroup;
			children = (
				AE0F3B16258A339C00227428 /* SidebarItemView.swift */,
				AE0F3B17258A339C00227428 /* SidebarPrimaryItem.swift */,
			);
			path = "Sidebar Item";
			sourceTree = "<group>";
		};
		AE367602258AAF8600F57A3C /* Sidebar */ = {
			isa = PBXGroup;
			children = (
				AE0F3B10258A0F9200227428 /* SidebarView.swift */,
				AE0F3B11258A0F9200227428 /* SidebarViewModel.swift */,
			);
			path = Sidebar;
			sourceTree = "<group>";
		};
		AE367604258AAF8F00F57A3C /* Bookmarks */ = {
			isa = PBXGroup;
			children = (
				AE0F3A5C258A07CA00227428 /* BookmarksView.swift */,
			);
			path = Bookmarks;
			sourceTree = "<group>";
		};
		AE367606258AAF9B00F57A3C /* Bookmark */ = {
			isa = PBXGroup;
			children = (
				AEBFB5042589D9FF001521A2 /* BookmarkView.swift */,
				AEBFB5052589D9FF001521A2 /* BookmarkViewModel.swift */,
			);
			path = Bookmark;
			sourceTree = "<group>";
		};
		AE3FC50C25E067E300A91B3A /* Publishers */ = {
			isa = PBXGroup;
			children = (
				AE3FC50D25E0680E00A91B3A /* NWPathMonitor.swift */,
			);
			path = Publishers;
			sourceTree = "<group>";
		};
		AE494F40258ABE5200CFECB6 /* Main */ = {
			isa = PBXGroup;
			children = (
				AE793005258675DB00A68947 /* MainView.swift */,
			);
			path = Main;
			sourceTree = "<group>";
		};
		AE5781FB258DE4DE00A524F4 /* Settings Login */ = {
			isa = PBXGroup;
			children = (
				AE5781F6258DE42F00A524F4 /* LoginView.swift */,
				AE039703258E5B3900D744FB /* LoginViewModel.swift */,
			);
			path = "Settings Login";
			sourceTree = "<group>";
		};
		AE6D05CC25BC91B600BEDDD4 /* Property Wrappers */ = {
			isa = PBXGroup;
			children = (
				AE6D05CD25BC920B00BEDDD4 /* SecureStorage.swift */,
			);
			path = "Property Wrappers";
			sourceTree = "<group>";
		};
		AE792FF7258675DB00A68947 = {
			isa = PBXGroup;
			children = (
				AE793002258675DB00A68947 /* Pinboarding */,
				AE793001258675DB00A68947 /* Products */,
				AE1303BE2587E3DA0083EEFB /* Frameworks */,
			);
			sourceTree = "<group>";
		};
		AE793001258675DB00A68947 /* Products */ = {
			isa = PBXGroup;
			children = (
				AE793000258675DB00A68947 /* Pinboarding.app */,
			);
			name = Products;
			sourceTree = "<group>";
		};
		AE793002258675DB00A68947 /* Pinboarding */ = {
			isa = PBXGroup;
			children = (
				AE793003258675DB00A68947 /* PinboardingApp.swift */,
				AEBFB68925940F4D001626AA /* PinboardingAppEnvironment.swift */,
				AE7EE6B825A9B3AA004EDEB9 /* Alignments */,
				AE7930162586838700A68947 /* Assets */,
				AE2E0AA325AB71320077CBDC /* Commands */,
				AEBFB697259413B1001626AA /* Extensions */,
				AE79301B2586841700A68947 /* Preview Content */,
				AE6D05CC25BC91B600BEDDD4 /* Property Wrappers */,
				AE00EA04258AD573002D9558 /* Repository */,
				AE3FC50C25E067E300A91B3A /* Publishers */,
				AE2F588B258EB73900D19421 /* Stores */,
				AE793017258683C800A68947 /* Supporting Files */,
				AE7930152586837900A68947 /* Views */,
			);
			path = Pinboarding;
			sourceTree = "<group>";
		};
		AE7930152586837900A68947 /* Views */ = {
			isa = PBXGroup;
			children = (
				AE3675FF258AAF6700F57A3C /* Add Bookmark */,
				AE367606258AAF9B00F57A3C /* Bookmark */,
				AE367604258AAF8F00F57A3C /* Bookmarks */,
				AE83841A2597B63400A4C5A7 /* BookmarksList */,
				AE494F40258ABE5200CFECB6 /* Main */,
				AE9F993C25A15F58001D2889 /* Private */,
				AECC8C0525F8E158008568EE /* QRCode */,
				AECC8C0925F945D8008568EE /* QRCodeButton */,
				AE9F994225A1ABD9001D2889 /* Refresh */,
				AEC4A94D259B9EF7000C65A8 /* SafariButton */,
				AEA5340225A4E20B00AF2481 /* SearchField */,
				AE367600258AAF7600F57A3C /* Settings */,
				AEF0DF05258EC88B000F4BFF /* Settings General */,
				AE5781FB258DE4DE00A524F4 /* Settings Login */,
				AEC4A951259B9F1B000C65A8 /* ShareButton */,
				AEA3DA92259B35F100C4DB0F /* Sharing Service Picker */,
				AE367602258AAF8600F57A3C /* Sidebar */,
				AE367601258AAF7E00F57A3C /* Sidebar Item */,
				AE9541F5259B2D6C00B1AA15 /* Sidebar My Bookmarks Section */,
				AE9541F1259B2D0C00B1AA15 /* Sidebar Tags Section */,
			);
			path = Views;
			sourceTree = "<group>";
		};
		AE7930162586838700A68947 /* Assets */ = {
			isa = PBXGroup;
			children = (
				AED5883925FA2F9100E31B33 /* Icon.swift */,
				AE793007258675DC00A68947 /* Assets.xcassets */,
			);
			path = Assets;
			sourceTree = "<group>";
		};
		AE793017258683C800A68947 /* Supporting Files */ = {
			isa = PBXGroup;
			children = (
				AE79300C258675DC00A68947 /* Info.plist */,
				AE79300D258675DC00A68947 /* Pinboarding.entitlements */,
			);
			path = "Supporting Files";
			sourceTree = "<group>";
		};
		AE79301B2586841700A68947 /* Preview Content */ = {
			isa = PBXGroup;
			children = (
				AEC72E102597890E008C7FF3 /* Preview.swift */,
				AE78871D261B256700FBCC38 /* Preview+AppEnvironment.swift */,
				AE9541ED259AC30600B1AA15 /* Preview+Networking.swift */,
				AEC72E0D259780FF008C7FF3 /* Preview+Persistence.swift */,
				AEF8A7B825C154A300E081B5 /* Preview+SearchStore.swift */,
				AE83840F25979D1100A4C5A7 /* Preview+Settings.swift */,
				AE8F4DD825BD93A3007E6053 /* Preview+TokenStore.swift */,
				AE79300A258675DC00A68947 /* Preview Assets.xcassets */,
			);
			path = "Preview Content";
			sourceTree = "<group>";
		};
		AE7EE6B825A9B3AA004EDEB9 /* Alignments */ = {
			isa = PBXGroup;
			children = (
				AE7EE6B925A9B3C0004EDEB9 /* TwoColumnsAlignment.swift */,
			);
			path = Alignments;
			sourceTree = "<group>";
		};
		AE83841A2597B63400A4C5A7 /* BookmarksList */ = {
			isa = PBXGroup;
			children = (
				AE8384172597B5AE00A4C5A7 /* BookmarksListView.swift */,
				AE12D7822597DDCB007A9EFB /* BookmarksListViewModel.swift */,
			);
			path = BookmarksList;
			sourceTree = "<group>";
		};
		AE9541F1259B2D0C00B1AA15 /* Sidebar Tags Section */ = {
			isa = PBXGroup;
			children = (
				AE9541F2259B2D1E00B1AA15 /* TagsSectionView.swift */,
			);
			path = "Sidebar Tags Section";
			sourceTree = "<group>";
		};
		AE9541F5259B2D6C00B1AA15 /* Sidebar My Bookmarks Section */ = {
			isa = PBXGroup;
			children = (
				AE9541F6259B2D8800B1AA15 /* MyBookmarksSectionView.swift */,
				AE9541F9259B2DD500B1AA15 /* MyBookmarksSectionViewModel.swift */,
			);
			path = "Sidebar My Bookmarks Section";
			sourceTree = "<group>";
		};
		AE9F993C25A15F58001D2889 /* Private */ = {
			isa = PBXGroup;
			children = (
				AE9F993D25A15F75001D2889 /* PrivateView.swift */,
			);
			path = Private;
			sourceTree = "<group>";
		};
		AE9F994225A1ABD9001D2889 /* Refresh */ = {
			isa = PBXGroup;
			children = (
				AE9F994325A1AC12001D2889 /* RefreshView.swift */,
				AE9F994425A1AC12001D2889 /* RefreshViewModel.swift */,
			);
			path = Refresh;
			sourceTree = "<group>";
		};
		AEA3DA92259B35F100C4DB0F /* Sharing Service Picker */ = {
			isa = PBXGroup;
			children = (
				AEA3DA93259B360600C4DB0F /* SharingServicePicker.swift */,
			);
			path = "Sharing Service Picker";
			sourceTree = "<group>";
		};
		AEA5340225A4E20B00AF2481 /* SearchField */ = {
			isa = PBXGroup;
			children = (
				AEA5340325A4E23200AF2481 /* SearchField.swift */,
			);
			path = SearchField;
			sourceTree = "<group>";
		};
		AEBFB697259413B1001626AA /* Extensions */ = {
			isa = PBXGroup;
			children = (
				AEBFB698259413C8001626AA /* NSSortDescriptor+App.swift */,
			);
			path = Extensions;
			sourceTree = "<group>";
		};
		AEC4A94D259B9EF7000C65A8 /* SafariButton */ = {
			isa = PBXGroup;
			children = (
				AEC4A94E259B9F09000C65A8 /* SafariButton.swift */,
			);
			path = SafariButton;
			sourceTree = "<group>";
		};
		AEC4A951259B9F1B000C65A8 /* ShareButton */ = {
			isa = PBXGroup;
			children = (
				AEC4A952259B9F38000C65A8 /* ShareButton.swift */,
			);
			path = ShareButton;
			sourceTree = "<group>";
		};
		AEC6228B2591DAD3003FDE66 /* Network */ = {
			isa = PBXGroup;
			children = (
				AEC6228C2591DB03003FDE66 /* NetworkController.swift */,
				AE9541EA259AB01A00B1AA15 /* NetworkActivityEvent.swift */,
			);
			path = Network;
			sourceTree = "<group>";
		};
		AECC8C0525F8E158008568EE /* QRCode */ = {
			isa = PBXGroup;
			children = (
				AECC8C0625F8E16C008568EE /* QRCodeView.swift */,
			);
			path = QRCode;
			sourceTree = "<group>";
		};
		AECC8C0925F945D8008568EE /* QRCodeButton */ = {
			isa = PBXGroup;
			children = (
				AECC8C0A25F9460A008568EE /* QRCodeButton.swift */,
			);
			path = QRCodeButton;
			sourceTree = "<group>";
		};
		AECE16F02591BD3F0024DC88 /* Persistence */ = {
			isa = PBXGroup;
			children = (
				AEC622882591DA6F003FDE66 /* PersistenceController.swift */,
				AECE16FC2591BEAA0024DC88 /* Core Data */,
				AECE16FD2591BEB10024DC88 /* Core Data Models */,
			);
			path = Persistence;
			sourceTree = "<group>";
		};
		AECE16FC2591BEAA0024DC88 /* Core Data */ = {
			isa = PBXGroup;
			children = (
				AECE16F12591BD640024DC88 /* Pinboarding.xcdatamodeld */,
			);
			path = "Core Data";
			sourceTree = "<group>";
		};
		AECE16FD2591BEB10024DC88 /* Core Data Models */ = {
			isa = PBXGroup;
			children = (
				AE10FAE92594D54500C79B82 /* Bookmark+CoreDataClass.swift */,
				AE10FAE82594D54500C79B82 /* Bookmark+CoreDataProperties.swift */,
				AE10FAE62594D54500C79B82 /* Tag+CoreDataClass.swift */,
				AE10FAE72594D54500C79B82 /* Tag+CoreDataProperties.swift */,
			);
			path = "Core Data Models";
			sourceTree = "<group>";
		};
		AEEBE55525E94062009A0404 /* Search */ = {
			isa = PBXGroup;
			children = (
				AEAB957925A51FD900F4B7D3 /* SearchStore.swift */,
			);
			path = Search;
			sourceTree = "<group>";
		};
		AEEBE55625E9406C009A0404 /* Settings */ = {
			isa = PBXGroup;
			children = (
				AE2F588C258EB84D00D19421 /* SettingsStore.swift */,
				AE628CC5258FA2D300F91800 /* SettingsStoreChange.swift */,
			);
			path = Settings;
			sourceTree = "<group>";
		};
		AEEBE55725E94077009A0404 /* Token */ = {
			isa = PBXGroup;
			children = (
				AE8F4DDF25BD96A4007E6053 /* AnyTokenStore.swift */,
				AEED4D6F25BB7CFB00756570 /* SecureStore.swift */,
				AE8F4DDC25BD9687007E6053 /* TokenStoreProtocol.swift */,
			);
			path = Token;
			sourceTree = "<group>";
		};
		AEF0DF05258EC88B000F4BFF /* Settings General */ = {
			isa = PBXGroup;
			children = (
				AEF0DF07258EC8A8000F4BFF /* GeneralView.swift */,
				AEF0DF10258ECB8D000F4BFF /* GeneralViewModel.swift */,
			);
			path = "Settings General";
			sourceTree = "<group>";
		};
/* End PBXGroup section */

/* Begin PBXNativeTarget section */
		AE792FFF258675DB00A68947 /* Pinboarding */ = {
			isa = PBXNativeTarget;
			buildConfigurationList = AE793010258675DC00A68947 /* Build configuration list for PBXNativeTarget "Pinboarding" */;
			buildPhases = (
				AE792FFC258675DB00A68947 /* Sources */,
				AE792FFD258675DB00A68947 /* Frameworks */,
				AE792FFE258675DB00A68947 /* Resources */,
			);
			buildRules = (
			);
			dependencies = (
			);
			name = Pinboarding;
			packageProductDependencies = (
				AEFAAB4A25883BE2001DB745 /* PinboardKit */,
			);
			productName = Pinboarding;
			productReference = AE793000258675DB00A68947 /* Pinboarding.app */;
			productType = "com.apple.product-type.application";
		};
/* End PBXNativeTarget section */

/* Begin PBXProject section */
		AE792FF8258675DB00A68947 /* Project object */ = {
			isa = PBXProject;
			attributes = {
				LastSwiftUpdateCheck = 1230;
				LastUpgradeCheck = 1250;
				TargetAttributes = {
					AE792FFF258675DB00A68947 = {
						CreatedOnToolsVersion = 12.3;
					};
				};
			};
			buildConfigurationList = AE792FFB258675DB00A68947 /* Build configuration list for PBXProject "Pinboarding" */;
			compatibilityVersion = "Xcode 9.3";
			developmentRegion = en;
			hasScannedForEncodings = 0;
			knownRegions = (
				en,
				Base,
			);
			mainGroup = AE792FF7258675DB00A68947;
			packageReferences = (
				AEFAAB4925883BE2001DB745 /* XCRemoteSwiftPackageReference "PinboardKit" */,
			);
			productRefGroup = AE793001258675DB00A68947 /* Products */;
			projectDirPath = "";
			projectRoot = "";
			targets = (
				AE792FFF258675DB00A68947 /* Pinboarding */,
			);
		};
/* End PBXProject section */

/* Begin PBXResourcesBuildPhase section */
		AE792FFE258675DB00A68947 /* Resources */ = {
			isa = PBXResourcesBuildPhase;
			buildActionMask = 2147483647;
			files = (
				AE79300B258675DC00A68947 /* Preview Assets.xcassets in Resources */,
				AE793008258675DC00A68947 /* Assets.xcassets in Resources */,
			);
			runOnlyForDeploymentPostprocessing = 0;
		};
/* End PBXResourcesBuildPhase section */

/* Begin PBXSourcesBuildPhase section */
		AE792FFC258675DB00A68947 /* Sources */ = {
			isa = PBXSourcesBuildPhase;
			buildActionMask = 2147483647;
			files = (
				AE6D05CE25BC920B00BEDDD4 /* SecureStorage.swift in Sources */,
				AEC6228D2591DB03003FDE66 /* NetworkController.swift in Sources */,
				AE0F3B12258A0F9200227428 /* SidebarView.swift in Sources */,
				AE039704258E5B3900D744FB /* LoginViewModel.swift in Sources */,
				AE00EA07258AD5B1002D9558 /* PinboardRepository.swift in Sources */,
				AE9541FA259B2DD500B1AA15 /* MyBookmarksSectionViewModel.swift in Sources */,
				AE2E0AA525AB71530077CBDC /* BookmarkCommands.swift in Sources */,
				AE12D7832597DDCB007A9EFB /* BookmarksListViewModel.swift in Sources */,
				AEA5340425A4E23200AF2481 /* SearchField.swift in Sources */,
				AE10FAEC2594D54500C79B82 /* Bookmark+CoreDataProperties.swift in Sources */,
				AE10FAEA2594D54500C79B82 /* Tag+CoreDataClass.swift in Sources */,
				AE317AF92588FD9D00B7420A /* SettingsView.swift in Sources */,
				AE10FAED2594D54500C79B82 /* Bookmark+CoreDataClass.swift in Sources */,
				AEED4D7025BB7CFB00756570 /* SecureStore.swift in Sources */,
				AE9541EE259AC30600B1AA15 /* Preview+Networking.swift in Sources */,
				AEBFB5062589D9FF001521A2 /* BookmarkView.swift in Sources */,
				AE8F4DD925BD93A3007E6053 /* Preview+TokenStore.swift in Sources */,
				AEAB957A25A51FD900F4B7D3 /* SearchStore.swift in Sources */,
				AE0F3B18258A339C00227428 /* SidebarItemView.swift in Sources */,
				AEC72E112597890E008C7FF3 /* Preview.swift in Sources */,
				AE793006258675DB00A68947 /* MainView.swift in Sources */,
				AEF0DF11258ECB8D000F4BFF /* GeneralViewModel.swift in Sources */,
				AECC8C0B25F9460A008568EE /* QRCodeButton.swift in Sources */,
				AE78871E261B256700FBCC38 /* Preview+AppEnvironment.swift in Sources */,
				AE9541F7259B2D8800B1AA15 /* MyBookmarksSectionView.swift in Sources */,
				AEF4F4782589529200FF8F45 /* AddBookmarkView.swift in Sources */,
				AEA3DA94259B360600C4DB0F /* SharingServicePicker.swift in Sources */,
				AEBFB5072589D9FF001521A2 /* BookmarkViewModel.swift in Sources */,
				AE9541F3259B2D1E00B1AA15 /* TagsSectionView.swift in Sources */,
				AEE78D9A258BAF17001CA0EA /* Booleans+Repository.swift in Sources */,
				AEC6229B259222B4003FDE66 /* Post+Repository.swift in Sources */,
				AE7EE6BA25A9B3C0004EDEB9 /* TwoColumnsAlignment.swift in Sources */,
				AEF8A7B925C154A300E081B5 /* Preview+SearchStore.swift in Sources */,
				AE793004258675DB00A68947 /* PinboardingApp.swift in Sources */,
				AE0F3B13258A0F9200227428 /* SidebarViewModel.swift in Sources */,
				AE8384182597B5AE00A4C5A7 /* BookmarksListView.swift in Sources */,
				AEC72E0E259780FF008C7FF3 /* Preview+Persistence.swift in Sources */,
				AE3FC50E25E0680E00A91B3A /* NWPathMonitor.swift in Sources */,
				AECE16F32591BD640024DC88 /* Pinboarding.xcdatamodeld in Sources */,
				AE9F994625A1AC12001D2889 /* RefreshViewModel.swift in Sources */,
				AE8F4DDD25BD9687007E6053 /* TokenStoreProtocol.swift in Sources */,
				AE9F993E25A15F75001D2889 /* PrivateView.swift in Sources */,
				AE9F994525A1AC12001D2889 /* RefreshView.swift in Sources */,
				AE0F3A5E258A07CA00227428 /* BookmarksView.swift in Sources */,
				AE10FAEB2594D54500C79B82 /* Tag+CoreDataProperties.swift in Sources */,
				AED5883A25FA2F9100E31B33 /* Icon.swift in Sources */,
				AE5781F8258DE42F00A524F4 /* LoginView.swift in Sources */,
				AEC622892591DA6F003FDE66 /* PersistenceController.swift in Sources */,
				AEBFB68A25940F4D001626AA /* PinboardingAppEnvironment.swift in Sources */,
				AE83841025979D1100A4C5A7 /* Preview+Settings.swift in Sources */,
				AE0F3B19258A339C00227428 /* SidebarPrimaryItem.swift in Sources */,
				AEF0DF09258EC8A8000F4BFF /* GeneralView.swift in Sources */,
				AE9541EB259AB01A00B1AA15 /* NetworkActivityEvent.swift in Sources */,
				AEC4A94F259B9F09000C65A8 /* SafariButton.swift in Sources */,
				AEC4A953259B9F38000C65A8 /* ShareButton.swift in Sources */,
				AEF4F4792589529200FF8F45 /* AddBookmarkViewModel.swift in Sources */,
				AE8F4DE025BD96A4007E6053 /* AnyTokenStore.swift in Sources */,
				AEBFB699259413C8001626AA /* NSSortDescriptor+App.swift in Sources */,
				AE628CC6258FA2D300F91800 /* SettingsStoreChange.swift in Sources */,
				AECC8C0725F8E16C008568EE /* QRCodeView.swift in Sources */,
				AE2F588D258EB84D00D19421 /* SettingsStore.swift in Sources */,
			);
			runOnlyForDeploymentPostprocessing = 0;
		};
/* End PBXSourcesBuildPhase section */

/* Begin XCBuildConfiguration section */
		AE79300E258675DC00A68947 /* Debug */ = {
			isa = XCBuildConfiguration;
			buildSettings = {
				ALWAYS_SEARCH_USER_PATHS = NO;
				CLANG_ANALYZER_NONNULL = YES;
				CLANG_ANALYZER_NUMBER_OBJECT_CONVERSION = YES_AGGRESSIVE;
				CLANG_CXX_LANGUAGE_STANDARD = "gnu++14";
				CLANG_CXX_LIBRARY = "libc++";
				CLANG_ENABLE_MODULES = YES;
				CLANG_ENABLE_OBJC_ARC = YES;
				CLANG_ENABLE_OBJC_WEAK = YES;
				CLANG_WARN_BLOCK_CAPTURE_AUTORELEASING = YES;
				CLANG_WARN_BOOL_CONVERSION = YES;
				CLANG_WARN_COMMA = YES;
				CLANG_WARN_CONSTANT_CONVERSION = YES;
				CLANG_WARN_DEPRECATED_OBJC_IMPLEMENTATIONS = YES;
				CLANG_WARN_DIRECT_OBJC_ISA_USAGE = YES_ERROR;
				CLANG_WARN_DOCUMENTATION_COMMENTS = YES;
				CLANG_WARN_EMPTY_BODY = YES;
				CLANG_WARN_ENUM_CONVERSION = YES;
				CLANG_WARN_INFINITE_RECURSION = YES;
				CLANG_WARN_INT_CONVERSION = YES;
				CLANG_WARN_NON_LITERAL_NULL_CONVERSION = YES;
				CLANG_WARN_OBJC_IMPLICIT_RETAIN_SELF = YES;
				CLANG_WARN_OBJC_LITERAL_CONVERSION = YES;
				CLANG_WARN_OBJC_ROOT_CLASS = YES_ERROR;
				CLANG_WARN_QUOTED_INCLUDE_IN_FRAMEWORK_HEADER = YES;
				CLANG_WARN_RANGE_LOOP_ANALYSIS = YES;
				CLANG_WARN_STRICT_PROTOTYPES = YES;
				CLANG_WARN_SUSPICIOUS_MOVE = YES;
				CLANG_WARN_UNGUARDED_AVAILABILITY = YES_AGGRESSIVE;
				CLANG_WARN_UNREACHABLE_CODE = YES;
				CLANG_WARN__DUPLICATE_METHOD_MATCH = YES;
				COPY_PHASE_STRIP = NO;
				DEBUG_INFORMATION_FORMAT = dwarf;
				ENABLE_STRICT_OBJC_MSGSEND = YES;
				ENABLE_TESTABILITY = YES;
				GCC_C_LANGUAGE_STANDARD = gnu11;
				GCC_DYNAMIC_NO_PIC = NO;
				GCC_NO_COMMON_BLOCKS = YES;
				GCC_OPTIMIZATION_LEVEL = 0;
				GCC_PREPROCESSOR_DEFINITIONS = (
					"DEBUG=1",
					"$(inherited)",
				);
				GCC_WARN_64_TO_32_BIT_CONVERSION = YES;
				GCC_WARN_ABOUT_RETURN_TYPE = YES_ERROR;
				GCC_WARN_UNDECLARED_SELECTOR = YES;
				GCC_WARN_UNINITIALIZED_AUTOS = YES_AGGRESSIVE;
				GCC_WARN_UNUSED_FUNCTION = YES;
				GCC_WARN_UNUSED_VARIABLE = YES;
				MACOSX_DEPLOYMENT_TARGET = 11.0;
				MTL_ENABLE_DEBUG_INFO = INCLUDE_SOURCE;
				MTL_FAST_MATH = YES;
				ONLY_ACTIVE_ARCH = YES;
				SDKROOT = macosx;
				SWIFT_ACTIVE_COMPILATION_CONDITIONS = DEBUG;
				SWIFT_OPTIMIZATION_LEVEL = "-Onone";
			};
			name = Debug;
		};
		AE79300F258675DC00A68947 /* Release */ = {
			isa = XCBuildConfiguration;
			buildSettings = {
				ALWAYS_SEARCH_USER_PATHS = NO;
				CLANG_ANALYZER_NONNULL = YES;
				CLANG_ANALYZER_NUMBER_OBJECT_CONVERSION = YES_AGGRESSIVE;
				CLANG_CXX_LANGUAGE_STANDARD = "gnu++14";
				CLANG_CXX_LIBRARY = "libc++";
				CLANG_ENABLE_MODULES = YES;
				CLANG_ENABLE_OBJC_ARC = YES;
				CLANG_ENABLE_OBJC_WEAK = YES;
				CLANG_WARN_BLOCK_CAPTURE_AUTORELEASING = YES;
				CLANG_WARN_BOOL_CONVERSION = YES;
				CLANG_WARN_COMMA = YES;
				CLANG_WARN_CONSTANT_CONVERSION = YES;
				CLANG_WARN_DEPRECATED_OBJC_IMPLEMENTATIONS = YES;
				CLANG_WARN_DIRECT_OBJC_ISA_USAGE = YES_ERROR;
				CLANG_WARN_DOCUMENTATION_COMMENTS = YES;
				CLANG_WARN_EMPTY_BODY = YES;
				CLANG_WARN_ENUM_CONVERSION = YES;
				CLANG_WARN_INFINITE_RECURSION = YES;
				CLANG_WARN_INT_CONVERSION = YES;
				CLANG_WARN_NON_LITERAL_NULL_CONVERSION = YES;
				CLANG_WARN_OBJC_IMPLICIT_RETAIN_SELF = YES;
				CLANG_WARN_OBJC_LITERAL_CONVERSION = YES;
				CLANG_WARN_OBJC_ROOT_CLASS = YES_ERROR;
				CLANG_WARN_QUOTED_INCLUDE_IN_FRAMEWORK_HEADER = YES;
				CLANG_WARN_RANGE_LOOP_ANALYSIS = YES;
				CLANG_WARN_STRICT_PROTOTYPES = YES;
				CLANG_WARN_SUSPICIOUS_MOVE = YES;
				CLANG_WARN_UNGUARDED_AVAILABILITY = YES_AGGRESSIVE;
				CLANG_WARN_UNREACHABLE_CODE = YES;
				CLANG_WARN__DUPLICATE_METHOD_MATCH = YES;
				COPY_PHASE_STRIP = NO;
				DEBUG_INFORMATION_FORMAT = "dwarf-with-dsym";
				ENABLE_NS_ASSERTIONS = NO;
				ENABLE_STRICT_OBJC_MSGSEND = YES;
				GCC_C_LANGUAGE_STANDARD = gnu11;
				GCC_NO_COMMON_BLOCKS = YES;
				GCC_WARN_64_TO_32_BIT_CONVERSION = YES;
				GCC_WARN_ABOUT_RETURN_TYPE = YES_ERROR;
				GCC_WARN_UNDECLARED_SELECTOR = YES;
				GCC_WARN_UNINITIALIZED_AUTOS = YES_AGGRESSIVE;
				GCC_WARN_UNUSED_FUNCTION = YES;
				GCC_WARN_UNUSED_VARIABLE = YES;
				MACOSX_DEPLOYMENT_TARGET = 11.0;
				MTL_ENABLE_DEBUG_INFO = NO;
				MTL_FAST_MATH = YES;
				SDKROOT = macosx;
				SWIFT_COMPILATION_MODE = wholemodule;
				SWIFT_OPTIMIZATION_LEVEL = "-O";
			};
			name = Release;
		};
		AE793011258675DC00A68947 /* Debug */ = {
			isa = XCBuildConfiguration;
			buildSettings = {
				ASSETCATALOG_COMPILER_APPICON_NAME = AppIcon;
				ASSETCATALOG_COMPILER_GLOBAL_ACCENT_COLOR_NAME = AccentColor;
				CODE_SIGN_ENTITLEMENTS = "Pinboarding/Supporting Files/Pinboarding.entitlements";
				CODE_SIGN_IDENTITY = "-";
				CODE_SIGN_STYLE = Automatic;
				COMBINE_HIDPI_IMAGES = YES;
				DEVELOPMENT_ASSET_PATHS = "Pinboarding/Preview\\ Content";
				DEVELOPMENT_TEAM = "";
				ENABLE_PREVIEWS = YES;
				INFOPLIST_FILE = "Pinboarding/Supporting Files/Info.plist";
				LD_RUNPATH_SEARCH_PATHS = (
					"$(inherited)",
					"@executable_path/../Frameworks",
				);
				MACOSX_DEPLOYMENT_TARGET = 11.0;
				MARKETING_VERSION = 1.2;
				PRODUCT_BUNDLE_IDENTIFIER = com.otaviocc.Pinboarding;
				PRODUCT_NAME = "$(TARGET_NAME)";
				SWIFT_VERSION = 5.0;
			};
			name = Debug;
		};
		AE793012258675DC00A68947 /* Release */ = {
			isa = XCBuildConfiguration;
			buildSettings = {
				ASSETCATALOG_COMPILER_APPICON_NAME = AppIcon;
				ASSETCATALOG_COMPILER_GLOBAL_ACCENT_COLOR_NAME = AccentColor;
				CODE_SIGN_ENTITLEMENTS = "Pinboarding/Supporting Files/Pinboarding.entitlements";
				CODE_SIGN_IDENTITY = "-";
				CODE_SIGN_STYLE = Automatic;
				COMBINE_HIDPI_IMAGES = YES;
				DEVELOPMENT_ASSET_PATHS = "Pinboarding/Preview\\ Content";
				DEVELOPMENT_TEAM = "";
				ENABLE_PREVIEWS = YES;
				INFOPLIST_FILE = "Pinboarding/Supporting Files/Info.plist";
				LD_RUNPATH_SEARCH_PATHS = (
					"$(inherited)",
					"@executable_path/../Frameworks",
				);
				MACOSX_DEPLOYMENT_TARGET = 11.0;
				MARKETING_VERSION = 1.2;
				PRODUCT_BUNDLE_IDENTIFIER = com.otaviocc.Pinboarding;
				PRODUCT_NAME = "$(TARGET_NAME)";
				SWIFT_VERSION = 5.0;
			};
			name = Release;
		};
/* End XCBuildConfiguration section */

/* Begin XCConfigurationList section */
		AE792FFB258675DB00A68947 /* Build configuration list for PBXProject "Pinboarding" */ = {
			isa = XCConfigurationList;
			buildConfigurations = (
				AE79300E258675DC00A68947 /* Debug */,
				AE79300F258675DC00A68947 /* Release */,
			);
			defaultConfigurationIsVisible = 0;
			defaultConfigurationName = Release;
		};
		AE793010258675DC00A68947 /* Build configuration list for PBXNativeTarget "Pinboarding" */ = {
			isa = XCConfigurationList;
			buildConfigurations = (
				AE793011258675DC00A68947 /* Debug */,
				AE793012258675DC00A68947 /* Release */,
			);
			defaultConfigurationIsVisible = 0;
			defaultConfigurationName = Release;
		};
/* End XCConfigurationList section */

/* Begin XCRemoteSwiftPackageReference section */
		AEFAAB4925883BE2001DB745 /* XCRemoteSwiftPackageReference "PinboardKit" */ = {
			isa = XCRemoteSwiftPackageReference;
			repositoryURL = "https://github.com/otaviocc/PinboardKit";
			requirement = {
				branch = main;
				kind = branch;
			};
		};
/* End XCRemoteSwiftPackageReference section */

/* Begin XCSwiftPackageProductDependency section */
		AEFAAB4A25883BE2001DB745 /* PinboardKit */ = {
			isa = XCSwiftPackageProductDependency;
			package = AEFAAB4925883BE2001DB745 /* XCRemoteSwiftPackageReference "PinboardKit" */;
			productName = PinboardKit;
		};
/* End XCSwiftPackageProductDependency section */

/* Begin XCVersionGroup section */
		AECE16F12591BD640024DC88 /* Pinboarding.xcdatamodeld */ = {
			isa = XCVersionGroup;
			children = (
				AECE16F22591BD640024DC88 /* Pinboarding.xcdatamodel */,
			);
			currentVersion = AECE16F22591BD640024DC88 /* Pinboarding.xcdatamodel */;
			path = Pinboarding.xcdatamodeld;
			sourceTree = "<group>";
			versionGroupType = wrapper.xcdatamodel;
		};
/* End XCVersionGroup section */
	};
	rootObject = AE792FF8258675DB00A68947 /* Project object */;
}
